
Microsoft Visual Studio Solution File, Format Version 12.00
# Visual Studio Version 16
VisualStudioVersion = 16.0.29709.97
MinimumVisualStudioVersion = 10.0.40219.1
Project("{FAE04EC0-301F-11D3-BF4B-00C04F79EFBC}") = "Encrypter", "Encryptor\Encrypter.csproj", "{D5D66BEE-A316-4A7B-9C9B-B93BB16C102D}"
EndProject
Global
	GlobalSection(SolutionConfigurationPlatforms) = preSolution
		Debug|Any CPU = Debug|Any CPU
		Release|Any CPU = Release|Any CPU
	EndGlobalSection
	GlobalSection(ProjectConfigurationPlatforms) = postSolution
		{D5D66BEE-A316-4A7B-9C9B-B93BB16C102D}.Debug|Any CPU.ActiveCfg = Debug|Any CPU
		{D5D66BEE-A316-4A7B-9C9B-B93BB16C102D}.Debug|Any CPU.Build.0 = Debug|Any CPU
		{D5D66BEE-A316-4A7B-9C9B-B93BB16C102D}.Release|Any CPU.ActiveCfg = Release|Any CPU
		{D5D66BEE-A316-4A7B-9C9B-B93BB16C102D}.Release|Any CPU.Build.0 = Release|Any CPU
	EndGlobalSection
	GlobalSection(SolutionProperties) = preSolution
		HideSolutionNode = FALSE
	EndGlobalSection
	GlobalSection(ExtensibilityGlobals) = postSolution
		SolutionGuid = {5AFB40CF-D6CF-4595-A7B6-CA63D5F4FEAD}
	EndGlobalSection
EndGlobal
